{
  "name": "svg-icon-library-starter",
  "version": "1.0.0",
  "lockfileVersion": 1,
  "requires": true,
  "dependencies": {
    "git-cz": {
      "version": "4.7.1",
      "resolved": "https://registry.npmjs.org/git-cz/-/git-cz-4.7.1.tgz",
      "integrity": "sha512-Emb/Xz/LcL3SGxA/PD6RUrhUT6m2v0O9nWTjwCBAoE2UXxj9HkJcfphL3RkePtiTNFkVZMk0q5EUfHnO7HAfiw==",
      "dev": true
    }
  }
}
